
Microsoft Visual Studio Solution File, Format Version 12.00
# Visual Studio Version 16
VisualStudioVersion = 16.0.31729.503
MinimumVisualStudioVersion = 10.0.40219.1
Project("{FAE04EC0-301F-11D3-BF4B-00C04F79EFBC}") = "DManage.SystemManagement.API", "DManage.SystemManagement.API\DManage.SystemManagement.API.csproj", "{1517CED2-3988-47FC-8BD5-35607BA23E03}"
EndProject
Project("{FAE04EC0-301F-11D3-BF4B-00C04F79EFBC}") = "DManage.SystemManagement.Application", "DManage.SystemManagement.Application\DManage.SystemManagement.Application.csproj", "{61C530E1-CBF1-4A1C-B850-5CCD6586364A}"
EndProject
Project("{FAE04EC0-301F-11D3-BF4B-00C04F79EFBC}") = "DManage.SystemManagement.Domain", "DManage.SystemManagement.Domain\DManage.SystemManagement.Domain.csproj", "{210FF842-BECB-4DD9-8537-6720BF10E0E4}"
EndProject
Project("{FAE04EC0-301F-11D3-BF4B-00C04F79EFBC}") = "DManage.SystemManagement.Infrastructure", "DManage.SystemManagement.Infrastructure\DManage.SystemManagement.Infrastructure.csproj", "{5FD31F2F-A531-45A5-A381-B237BC70BCBB}"
EndProject
Project("{E53339B2-1760-4266-BCC7-CA923CBCF16C}") = "docker-compose", "docker-compose.dcproj", "{BAF1F710-C0F2-4BCD-890F-E799DE69C91A}"
EndProject
Global
	GlobalSection(SolutionConfigurationPlatforms) = preSolution
		Debug|Any CPU = Debug|Any CPU
		Release|Any CPU = Release|Any CPU
	EndGlobalSection
	GlobalSection(ProjectConfigurationPlatforms) = postSolution
		{1517CED2-3988-47FC-8BD5-35607BA23E03}.Debug|Any CPU.ActiveCfg = Debug|Any CPU
		{1517CED2-3988-47FC-8BD5-35607BA23E03}.Debug|Any CPU.Build.0 = Debug|Any CPU
		{1517CED2-3988-47FC-8BD5-35607BA23E03}.Release|Any CPU.ActiveCfg = Release|Any CPU
		{1517CED2-3988-47FC-8BD5-35607BA23E03}.Release|Any CPU.Build.0 = Release|Any CPU
		{61C530E1-CBF1-4A1C-B850-5CCD6586364A}.Debug|Any CPU.ActiveCfg = Debug|Any CPU
		{61C530E1-CBF1-4A1C-B850-5CCD6586364A}.Debug|Any CPU.Build.0 = Debug|Any CPU
		{61C530E1-CBF1-4A1C-B850-5CCD6586364A}.Release|Any CPU.ActiveCfg = Release|Any CPU
		{61C530E1-CBF1-4A1C-B850-5CCD6586364A}.Release|Any CPU.Build.0 = Release|Any CPU
		{210FF842-BECB-4DD9-8537-6720BF10E0E4}.Debug|Any CPU.ActiveCfg = Debug|Any CPU
		{210FF842-BECB-4DD9-8537-6720BF10E0E4}.Debug|Any CPU.Build.0 = Debug|Any CPU
		{210FF842-BECB-4DD9-8537-6720BF10E0E4}.Release|Any CPU.ActiveCfg = Release|Any CPU
		{210FF842-BECB-4DD9-8537-6720BF10E0E4}.Release|Any CPU.Build.0 = Release|Any CPU
		{5FD31F2F-A531-45A5-A381-B237BC70BCBB}.Debug|Any CPU.ActiveCfg = Debug|Any CPU
		{5FD31F2F-A531-45A5-A381-B237BC70BCBB}.Debug|Any CPU.Build.0 = Debug|Any CPU
		{5FD31F2F-A531-45A5-A381-B237BC70BCBB}.Release|Any CPU.ActiveCfg = Release|Any CPU
		{5FD31F2F-A531-45A5-A381-B237BC70BCBB}.Release|Any CPU.Build.0 = Release|Any CPU
		{BAF1F710-C0F2-4BCD-890F-E799DE69C91A}.Debug|Any CPU.ActiveCfg = Debug|Any CPU
		{BAF1F710-C0F2-4BCD-890F-E799DE69C91A}.Debug|Any CPU.Build.0 = Debug|Any CPU
		{BAF1F710-C0F2-4BCD-890F-E799DE69C91A}.Release|Any CPU.ActiveCfg = Release|Any CPU
		{BAF1F710-C0F2-4BCD-890F-E799DE69C91A}.Release|Any CPU.Build.0 = Release|Any CPU
	EndGlobalSection
	GlobalSection(SolutionProperties) = preSolution
		HideSolutionNode = FALSE
	EndGlobalSection
	GlobalSection(ExtensibilityGlobals) = postSolution
		SolutionGuid = {D780C38D-B660-4EB1-9CD1-748E15C3684D}
	EndGlobalSection
EndGlobal
